
Microsoft Visual Studio Solution File, Format Version 12.00
# Visual Studio Version 16
VisualStudioVersion = 16.0.31424.327
MinimumVisualStudioVersion = 10.0.40219.1
Project("{FAE04EC0-301F-11D3-BF4B-00C04F79EFBC}") = "Lagerverwaltungssystem3", "Lagerverwaltungssystem3\Lagerverwaltungssystem3.csproj", "{E4375DBA-9E1A-4C74-AEDC-D4E23EEC3092}"
EndProject
Global
	GlobalSection(SolutionConfigurationPlatforms) = preSolution
		Debug|Any CPU = Debug|Any CPU
		Release|Any CPU = Release|Any CPU
	EndGlobalSection
	GlobalSection(ProjectConfigurationPlatforms) = postSolution
		{E4375DBA-9E1A-4C74-AEDC-D4E23EEC3092}.Debug|Any CPU.ActiveCfg = Debug|Any CPU
		{E4375DBA-9E1A-4C74-AEDC-D4E23EEC3092}.Debug|Any CPU.Build.0 = Debug|Any CPU
		{E4375DBA-9E1A-4C74-AEDC-D4E23EEC3092}.Release|Any CPU.ActiveCfg = Release|Any CPU
		{E4375DBA-9E1A-4C74-AEDC-D4E23EEC3092}.Release|Any CPU.Build.0 = Release|Any CPU
	EndGlobalSection
	GlobalSection(SolutionProperties) = preSolution
		HideSolutionNode = FALSE
	EndGlobalSection
	GlobalSection(ExtensibilityGlobals) = postSolution
		SolutionGuid = {F0178C17-0F9B-49FC-A592-D6F2E91057D2}
	EndGlobalSection
EndGlobal
